{
  "name": "Universidade-das-Heuristicas",
  "lockfileVersion": 2,
  "requires": true,
  "packages": {
    "": {
      "dependencies": {
        "back": "^1.0.2"
      }
    },
    "node_modules/back": {
      "version": "1.0.2",
      "resolved": "https://registry.npmjs.org/back/-/back-1.0.2.tgz",
      "integrity": "sha1-qT9ebOaXKZhNWQGiuxbjsBpNY2k=",
      "dependencies": {
        "xtend": "^4.0.0"
      },
      "engines": {
        "node": ">=4.x || 0.12.x || 0.10.x || 0.8.x"
      }
    },
    "node_modules/xtend": {
      "version": "4.0.2",
      "resolved": "https://registry.npmjs.org/xtend/-/xtend-4.0.2.tgz",
      "integrity": "sha512-LKYU1iAXJXUgAXn9URjiu+MWhyUXHsvfp7mcuYm9dSUKK0/CjtrUwFAxD82/mCWbtLsGjFIad0wIsod4zrTAEQ==",
      "engines": {
        "node": ">=0.4"
      }
    }
  },
  "dependencies": {
    "back": {
      "version": "1.0.2",
      "resolved": "https://registry.npmjs.org/back/-/back-1.0.2.tgz",
      "integrity": "sha1-qT9ebOaXKZhNWQGiuxbjsBpNY2k=",
      "requires": {
        "xtend": "^4.0.0"
      }
    },
    "xtend": {
      "version": "4.0.2",
      "resolved": "https://registry.npmjs.org/xtend/-/xtend-4.0.2.tgz",
      "integrity": "sha512-LKYU1iAXJXUgAXn9URjiu+MWhyUXHsvfp7mcuYm9dSUKK0/CjtrUwFAxD82/mCWbtLsGjFIad0wIsod4zrTAEQ=="
    }
  }
}
